
Microsoft Visual Studio Solution File, Format Version 12.00
# Visual Studio Version 16
VisualStudioVersion = 16.0.29025.244
MinimumVisualStudioVersion = 10.0.40219.1
Project("{9A19103F-16F7-4668-BE54-9A1E7A4F7556}") = "In.SwDoc", "In.SwDoc\In.SwDoc.csproj", "{83418C9C-BC75-4304-B9D4-A5E192FC8B5F}"
EndProject
Project("{FAE04EC0-301F-11D3-BF4B-00C04F79EFBC}") = "In.SwDoc.Generator.Test", "In.SwDoc.Generator.Test\In.SwDoc.Generator.Test.csproj", "{9BB1374D-5CD2-4E8A-BAEA-D5070CCBF694}"
EndProject
Project("{FAE04EC0-301F-11D3-BF4B-00C04F79EFBC}") = "In.SwDoc.Generator", "In.SwDoc.Generator\In.SwDoc.Generator.csproj", "{2A93B4F0-6874-49A6-85F3-DA415A5326C0}"
EndProject
Global
	GlobalSection(SolutionConfigurationPlatforms) = preSolution
		Debug|Any CPU = Debug|Any CPU
		Release|Any CPU = Release|Any CPU
	EndGlobalSection
	GlobalSection(ProjectConfigurationPlatforms) = postSolution
		{83418C9C-BC75-4304-B9D4-A5E192FC8B5F}.Debug|Any CPU.ActiveCfg = Debug|Any CPU
		{83418C9C-BC75-4304-B9D4-A5E192FC8B5F}.Debug|Any CPU.Build.0 = Debug|Any CPU
		{83418C9C-BC75-4304-B9D4-A5E192FC8B5F}.Release|Any CPU.ActiveCfg = Release|Any CPU
		{83418C9C-BC75-4304-B9D4-A5E192FC8B5F}.Release|Any CPU.Build.0 = Release|Any CPU
		{9BB1374D-5CD2-4E8A-BAEA-D5070CCBF694}.Debug|Any CPU.ActiveCfg = Debug|Any CPU
		{9BB1374D-5CD2-4E8A-BAEA-D5070CCBF694}.Debug|Any CPU.Build.0 = Debug|Any CPU
		{9BB1374D-5CD2-4E8A-BAEA-D5070CCBF694}.Release|Any CPU.ActiveCfg = Release|Any CPU
		{9BB1374D-5CD2-4E8A-BAEA-D5070CCBF694}.Release|Any CPU.Build.0 = Release|Any CPU
		{2A93B4F0-6874-49A6-85F3-DA415A5326C0}.Debug|Any CPU.ActiveCfg = Debug|Any CPU
		{2A93B4F0-6874-49A6-85F3-DA415A5326C0}.Debug|Any CPU.Build.0 = Debug|Any CPU
		{2A93B4F0-6874-49A6-85F3-DA415A5326C0}.Release|Any CPU.ActiveCfg = Release|Any CPU
		{2A93B4F0-6874-49A6-85F3-DA415A5326C0}.Release|Any CPU.Build.0 = Release|Any CPU
	EndGlobalSection
	GlobalSection(SolutionProperties) = preSolution
		HideSolutionNode = FALSE
	EndGlobalSection
	GlobalSection(ExtensibilityGlobals) = postSolution
		SolutionGuid = {7EC412AC-4A56-4CC6-9FC9-FE81E0E5F762}
	EndGlobalSection
EndGlobal
